
Microsoft Visual Studio Solution File, Format Version 12.00
# Visual Studio Version 16
VisualStudioVersion = 16.0.31205.134
MinimumVisualStudioVersion = 10.0.40219.1
Project("{FAE04EC0-301F-11D3-BF4B-00C04F79EFBC}") = "PIHid RailDriver Csharp Sample", "PIHid RailDriver Csharp Sample\PIHid RailDriver Csharp Sample.csproj", "{FD2EC5EF-060C-4FC4-8C1A-2DA08768AF55}"
EndProject
Global
	GlobalSection(SolutionConfigurationPlatforms) = preSolution
		Debug|Any CPU = Debug|Any CPU
		Release|Any CPU = Release|Any CPU
	EndGlobalSection
	GlobalSection(ProjectConfigurationPlatforms) = postSolution
		{FD2EC5EF-060C-4FC4-8C1A-2DA08768AF55}.Debug|Any CPU.ActiveCfg = Debug|Any CPU
		{FD2EC5EF-060C-4FC4-8C1A-2DA08768AF55}.Debug|Any CPU.Build.0 = Debug|Any CPU
		{FD2EC5EF-060C-4FC4-8C1A-2DA08768AF55}.Release|Any CPU.ActiveCfg = Release|Any CPU
		{FD2EC5EF-060C-4FC4-8C1A-2DA08768AF55}.Release|Any CPU.Build.0 = Release|Any CPU
	EndGlobalSection
	GlobalSection(SolutionProperties) = preSolution
		HideSolutionNode = FALSE
	EndGlobalSection
	GlobalSection(ExtensibilityGlobals) = postSolution
		SolutionGuid = {185DC9B2-84FD-4056-B982-321A42B9E141}
	EndGlobalSection
EndGlobal
